
Microsoft Visual Studio Solution File, Format Version 12.00
# Visual Studio 15
VisualStudioVersion = 15.0.27004.2002
MinimumVisualStudioVersion = 10.0.40219.1
Project("{FAE04EC0-301F-11D3-BF4B-00C04F79EFBC}") = "pdfmake vfs builder", "pdfmake vfs builder\pdfmake vfs builder.csproj", "{2E6A3FE2-BF3B-4567-9BD9-3DB14FC609AF}"
EndProject
Global
	GlobalSection(SolutionConfigurationPlatforms) = preSolution
		Debug|Any CPU = Debug|Any CPU
		Release|Any CPU = Release|Any CPU
	EndGlobalSection
	GlobalSection(ProjectConfigurationPlatforms) = postSolution
		{2E6A3FE2-BF3B-4567-9BD9-3DB14FC609AF}.Debug|Any CPU.ActiveCfg = Debug|Any CPU
		{2E6A3FE2-BF3B-4567-9BD9-3DB14FC609AF}.Debug|Any CPU.Build.0 = Debug|Any CPU
		{2E6A3FE2-BF3B-4567-9BD9-3DB14FC609AF}.Release|Any CPU.ActiveCfg = Release|Any CPU
		{2E6A3FE2-BF3B-4567-9BD9-3DB14FC609AF}.Release|Any CPU.Build.0 = Release|Any CPU
	EndGlobalSection
	GlobalSection(SolutionProperties) = preSolution
		HideSolutionNode = FALSE
	EndGlobalSection
	GlobalSection(ExtensibilityGlobals) = postSolution
		SolutionGuid = {744F8404-8FD7-471C-8FF1-DA134D3A3D10}
	EndGlobalSection
EndGlobal
